
Microsoft Visual Studio Solution File, Format Version 12.00
# Visual Studio 15
VisualStudioVersion = 15.0.27703.2035
MinimumVisualStudioVersion = 10.0.40219.1
Project("{FAE04EC0-301F-11D3-BF4B-00C04F79EFBC}") = "StudentAssessment.Api", "StudentAssessment.Api\StudentAssessment.Api.csproj", "{FC87E858-82ED-4105-A310-7F3783060BC2}"
	ProjectSection(ProjectDependencies) = postProject
		{708169EE-5387-44D6-9277-DA8D65C19E9C} = {708169EE-5387-44D6-9277-DA8D65C19E9C}
	EndProjectSection
EndProject
Project("{FAE04EC0-301F-11D3-BF4B-00C04F79EFBC}") = "StudentAssessment.Services", "StudentAssessment.Services\StudentAssessment.Services.csproj", "{708169EE-5387-44D6-9277-DA8D65C19E9C}"
EndProject
Project("{FAE04EC0-301F-11D3-BF4B-00C04F79EFBC}") = "StudentAssessmentAngularJs", "StudentTrackerAngularJs\StudentTrackerAngularJs\StudentAssessmentAngularJs.csproj", "{34B56710-971C-4307-B216-2F6C6383E24A}"
EndProject
Project("{2150E333-8FDC-42A3-9474-1A3956D46DE8}") = "SQL", "SQL", "{F92A3005-0ED7-4948-82CD-BA0D80800DEA}"
	ProjectSection(SolutionItems) = preProject
		..\..\..\Desktop\StudentAssessment db.sql = ..\..\..\Desktop\StudentAssessment db.sql
	EndProjectSection
EndProject
Global
	GlobalSection(SolutionConfigurationPlatforms) = preSolution
		Debug|Any CPU = Debug|Any CPU
		Release|Any CPU = Release|Any CPU
	EndGlobalSection
	GlobalSection(ProjectConfigurationPlatforms) = postSolution
		{FC87E858-82ED-4105-A310-7F3783060BC2}.Debug|Any CPU.ActiveCfg = Debug|Any CPU
		{FC87E858-82ED-4105-A310-7F3783060BC2}.Debug|Any CPU.Build.0 = Debug|Any CPU
		{FC87E858-82ED-4105-A310-7F3783060BC2}.Release|Any CPU.ActiveCfg = Release|Any CPU
		{FC87E858-82ED-4105-A310-7F3783060BC2}.Release|Any CPU.Build.0 = Release|Any CPU
		{708169EE-5387-44D6-9277-DA8D65C19E9C}.Debug|Any CPU.ActiveCfg = Debug|Any CPU
		{708169EE-5387-44D6-9277-DA8D65C19E9C}.Debug|Any CPU.Build.0 = Debug|Any CPU
		{708169EE-5387-44D6-9277-DA8D65C19E9C}.Release|Any CPU.ActiveCfg = Release|Any CPU
		{708169EE-5387-44D6-9277-DA8D65C19E9C}.Release|Any CPU.Build.0 = Release|Any CPU
		{34B56710-971C-4307-B216-2F6C6383E24A}.Debug|Any CPU.ActiveCfg = Debug|Any CPU
		{34B56710-971C-4307-B216-2F6C6383E24A}.Debug|Any CPU.Build.0 = Debug|Any CPU
		{34B56710-971C-4307-B216-2F6C6383E24A}.Release|Any CPU.ActiveCfg = Release|Any CPU
		{34B56710-971C-4307-B216-2F6C6383E24A}.Release|Any CPU.Build.0 = Release|Any CPU
	EndGlobalSection
	GlobalSection(SolutionProperties) = preSolution
		HideSolutionNode = FALSE
	EndGlobalSection
	GlobalSection(ExtensibilityGlobals) = postSolution
		SolutionGuid = {FDD745FD-7900-4048-BEFE-60296541F58E}
	EndGlobalSection
EndGlobal
